
Microsoft Visual Studio Solution File, Format Version 12.00
# Visual Studio Version 16
VisualStudioVersion = 16.0.32602.291
MinimumVisualStudioVersion = 10.0.40219.1
Project("{FAE04EC0-301F-11D3-BF4B-00C04F79EFBC}") = "Pruebaunitaria", "Pruebaunitaria\Pruebaunitaria.csproj", "{4D6381F1-2C6E-4AB6-AE6B-11610824F72B}"
EndProject
Global
	GlobalSection(SolutionConfigurationPlatforms) = preSolution
		Debug|Any CPU = Debug|Any CPU
		Release|Any CPU = Release|Any CPU
	EndGlobalSection
	GlobalSection(ProjectConfigurationPlatforms) = postSolution
		{4D6381F1-2C6E-4AB6-AE6B-11610824F72B}.Debug|Any CPU.ActiveCfg = Debug|Any CPU
		{4D6381F1-2C6E-4AB6-AE6B-11610824F72B}.Debug|Any CPU.Build.0 = Debug|Any CPU
		{4D6381F1-2C6E-4AB6-AE6B-11610824F72B}.Release|Any CPU.ActiveCfg = Release|Any CPU
		{4D6381F1-2C6E-4AB6-AE6B-11610824F72B}.Release|Any CPU.Build.0 = Release|Any CPU
	EndGlobalSection
	GlobalSection(SolutionProperties) = preSolution
		HideSolutionNode = FALSE
	EndGlobalSection
	GlobalSection(ExtensibilityGlobals) = postSolution
		SolutionGuid = {40642DA4-0D5C-4D2A-823E-54125CD712AE}
	EndGlobalSection
EndGlobal
